// !$*UTF8*$!
{
	archiveVersion = 1;
	classes = {
	};
	objectVersion = 50;
	objects = {

/* Begin PBXBuildFile section */
		1152914525E02CD900A367F1 /* AppDelegate.swift in Sources */ = {isa = PBXBuildFile; fileRef = 1152914425E02CD900A367F1 /* AppDelegate.swift */; };
		1152914725E02CD900A367F1 /* SceneDelegate.swift in Sources */ = {isa = PBXBuildFile; fileRef = 1152914625E02CD900A367F1 /* SceneDelegate.swift */; };
		1152914925E02CD900A367F1 /* ViewController.swift in Sources */ = {isa = PBXBuildFile; fileRef = 1152914825E02CD900A367F1 /* ViewController.swift */; };
		1152914C25E02CD900A367F1 /* Main.storyboard in Resources */ = {isa = PBXBuildFile; fileRef = 1152914A25E02CD900A367F1 /* Main.storyboard */; };
		1152914E25E02CDE00A367F1 /* Assets.xcassets in Resources */ = {isa = PBXBuildFile; fileRef = 1152914D25E02CDE00A367F1 /* Assets.xcassets */; };
		1152915125E02CDE00A367F1 /* LaunchScreen.storyboard in Resources */ = {isa = PBXBuildFile; fileRef = 1152914F25E02CDE00A367F1 /* LaunchScreen.storyboard */; };
		1152915C25E02CDF00A367F1 /* NotebookTests.swift in Sources */ = {isa = PBXBuildFile; fileRef = 1152915B25E02CDF00A367F1 /* NotebookTests.swift */; };
		1152916725E02CDF00A367F1 /* NotebookUITests.swift in Sources */ = {isa = PBXBuildFile; fileRef = 1152916625E02CDF00A367F1 /* NotebookUITests.swift */; };
/* End PBXBuildFile section */

/* Begin PBXContainerItemProxy section */
		1152915825E02CDF00A367F1 /* PBXContainerItemProxy */ = {
			isa = PBXContainerItemProxy;
			containerPortal = 1152913925E02CD900A367F1 /* Project object */;
			proxyType = 1;
			remoteGlobalIDString = 1152914025E02CD900A367F1;
			remoteInfo = Notebook;
		};
		1152916325E02CDF00A367F1 /* PBXContainerItemProxy */ = {
			isa = PBXContainerItemProxy;
			containerPortal = 1152913925E02CD900A367F1 /* Project object */;
			proxyType = 1;
			remoteGlobalIDString = 1152914025E02CD900A367F1;
			remoteInfo = Notebook;
		};
/* End PBXContainerItemProxy section */

/* Begin PBXFileReference section */
		1152914125E02CD900A367F1 /* Notebook.app */ = {isa = PBXFileReference; explicitFileType = wrapper.application; includeInIndex = 0; path = Notebook.app; sourceTree = BUILT_PRODUCTS_DIR; };
		1152914425E02CD900A367F1 /* AppDelegate.swift */ = {isa = PBXFileReference; lastKnownFileType = sourcecode.swift; path = AppDelegate.swift; sourceTree = "<group>"; };
		1152914625E02CD900A367F1 /* SceneDelegate.swift */ = {isa = PBXFileReference; lastKnownFileType = sourcecode.swift; path = SceneDelegate.swift; sourceTree = "<group>"; };
		1152914825E02CD900A367F1 /* ViewController.swift */ = {isa = PBXFileReference; lastKnownFileType = sourcecode.swift; path = ViewController.swift; sourceTree = "<group>"; };
		1152914B25E02CD900A367F1 /* Base */ = {isa = PBXFileReference; lastKnownFileType = file.storyboard; name = Base; path = Base.lproj/Main.storyboard; sourceTree = "<group>"; };
		1152914D25E02CDE00A367F1 /* Assets.xcassets */ = {isa = PBXFileReference; lastKnownFileType = folder.assetcatalog; path = Assets.xcassets; sourceTree = "<group>"; };
		1152915025E02CDE00A367F1 /* Base */ = {isa = PBXFileReference; lastKnownFileType = file.storyboard; name = Base; path = Base.lproj/LaunchScreen.storyboard; sourceTree = "<group>"; };
		1152915225E02CDE00A367F1 /* Info.plist */ = {isa = PBXFileReference; lastKnownFileType = text.plist.xml; path = Info.plist; sourceTree = "<group>"; };
		1152915725E02CDF00A367F1 /* NotebookTests.xctest */ = {isa = PBXFileReference; explicitFileType = wrapper.cfbundle; includeInIndex = 0; path = NotebookTests.xctest; sourceTree = BUILT_PRODUCTS_DIR; };
		1152915B25E02CDF00A367F1 /* NotebookTests.swift */ = {isa = PBXFileReference; lastKnownFileType = sourcecode.swift; path = NotebookTests.swift; sourceTree = "<group>"; };
		1152915D25E02CDF00A367F1 /* Info.plist */ = {isa = PBXFileReference; lastKnownFileType = text.plist.xml; path = Info.plist; sourceTree = "<group>"; };
		1152916225E02CDF00A367F1 /* NotebookUITests.xctest */ = {isa = PBXFileReference; explicitFileType = wrapper.cfbundle; includeInIndex = 0; path = NotebookUITests.xctest; sourceTree = BUILT_PRODUCTS_DIR; };
		1152916625E02CDF00A367F1 /* NotebookUITests.swift */ = {isa = PBXFileReference; lastKnownFileType = sourcecode.swift; path = NotebookUITests.swift; sourceTree = "<group>"; };
		1152916825E02CDF00A367F1 /* Info.plist */ = {isa = PBXFileReference; lastKnownFileType = text.plist.xml; path = Info.plist; sourceTree = "<group>"; };
/* End PBXFileReference section */

/* Begin PBXFrameworksBuildPhase section */
		1152913E25E02CD900A367F1 /* Frameworks */ = {
			isa = PBXFrameworksBuildPhase;
			buildActionMask = 2147483647;
			files = (
			);
			runOnlyForDeploymentPostprocessing = 0;
		};
		1152915425E02CDF00A367F1 /* Frameworks */ = {
			isa = PBXFrameworksBuildPhase;
			buildActionMask = 2147483647;
			files = (
			);
			runOnlyForDeploymentPostprocessing = 0;
		};
		1152915F25E02CDF00A367F1 /* Frameworks */ = {
			isa = PBXFrameworksBuildPhase;
			buildActionMask = 2147483647;
			files = (
			);
			runOnlyForDeploymentPostprocessing = 0;
		};
/* End PBXFrameworksBuildPhase section */

/* Begin PBXGroup section */
		1152913825E02CD900A367F1 = {
			isa = PBXGroup;
			children = (
				1152914325E02CD900A367F1 /* Notebook */,
				1152915A25E02CDF00A367F1 /* NotebookTests */,
				1152916525E02CDF00A367F1 /* NotebookUITests */,
				1152914225E02CD900A367F1 /* Products */,
			);
			sourceTree = "<group>";
		};
		1152914225E02CD900A367F1 /* Products */ = {
			isa = PBXGroup;
			children = (
				1152914125E02CD900A367F1 /* Notebook.app */,
				1152915725E02CDF00A367F1 /* NotebookTests.xctest */,
				1152916225E02CDF00A367F1 /* NotebookUITests.xctest */,
			);
			name = Products;
			sourceTree = "<group>";
		};
		1152914325E02CD900A367F1 /* Notebook */ = {
			isa = PBXGroup;
			children = (
				1152914425E02CD900A367F1 /* AppDelegate.swift */,
				1152914625E02CD900A367F1 /* SceneDelegate.swift */,
				1152914825E02CD900A367F1 /* ViewController.swift */,
				1152914A25E02CD900A367F1 /* Main.storyboard */,
				1152914D25E02CDE00A367F1 /* Assets.xcassets */,
				1152914F25E02CDE00A367F1 /* LaunchScreen.storyboard */,
				1152915225E02CDE00A367F1 /* Info.plist */,
			);
			path = Notebook;
			sourceTree = "<group>";
		};
		1152915A25E02CDF00A367F1 /* NotebookTests */ = {
			isa = PBXGroup;
			children = (
				1152915B25E02CDF00A367F1 /* NotebookTests.swift */,
				1152915D25E02CDF00A367F1 /* Info.plist */,
			);
			path = NotebookTests;
			sourceTree = "<group>";
		};
		1152916525E02CDF00A367F1 /* NotebookUITests */ = {
			isa = PBXGroup;
			children = (
				1152916625E02CDF00A367F1 /* NotebookUITests.swift */,
				1152916825E02CDF00A367F1 /* Info.plist */,
			);
			path = NotebookUITests;
			sourceTree = "<group>";
		};
/* End PBXGroup section */

/* Begin PBXNativeTarget section */
		1152914025E02CD900A367F1 /* Notebook */ = {
			isa = PBXNativeTarget;
			buildConfigurationList = 1152916B25E02CDF00A367F1 /* Build configuration list for PBXNativeTarget "Notebook" */;
			buildPhases = (
				1152913D25E02CD900A367F1 /* Sources */,
				1152913E25E02CD900A367F1 /* Frameworks */,
				1152913F25E02CD900A367F1 /* Resources */,
			);
			buildRules = (
			);
			dependencies = (
			);
			name = Notebook;
			productName = Notebook;
			productReference = 1152914125E02CD900A367F1 /* Notebook.app */;
			productType = "com.apple.product-type.application";
		};
		1152915625E02CDF00A367F1 /* NotebookTests */ = {
			isa = PBXNativeTarget;
			buildConfigurationList = 1152916E25E02CDF00A367F1 /* Build configuration list for PBXNativeTarget "NotebookTests" */;
			buildPhases = (
				1152915325E02CDF00A367F1 /* Sources */,
				1152915425E02CDF00A367F1 /* Frameworks */,
				1152915525E02CDF00A367F1 /* Resources */,
			);
			buildRules = (
			);
			dependencies = (
				1152915925E02CDF00A367F1 /* PBXTargetDependency */,
			);
			name = NotebookTests;
			productName = NotebookTests;
			productReference = 1152915725E02CDF00A367F1 /* NotebookTests.xctest */;
			productType = "com.apple.product-type.bundle.unit-test";
		};
		1152916125E02CDF00A367F1 /* NotebookUITests */ = {
			isa = PBXNativeTarget;
			buildConfigurationList = 1152917125E02CDF00A367F1 /* Build configuration list for PBXNativeTarget "NotebookUITests" */;
			buildPhases = (
				1152915E25E02CDF00A367F1 /* Sources */,
				1152915F25E02CDF00A367F1 /* Frameworks */,
				1152916025E02CDF00A367F1 /* Resources */,
			);
			buildRules = (
			);
			dependencies = (
				1152916425E02CDF00A367F1 /* PBXTargetDependency */,
			);
			name = NotebookUITests;
			productName = NotebookUITests;
			productReference = 1152916225E02CDF00A367F1 /* NotebookUITests.xctest */;
			productType = "com.apple.product-type.bundle.ui-testing";
		};
/* End PBXNativeTarget section */

/* Begin PBXProject section */
		1152913925E02CD900A367F1 /* Project object */ = {
			isa = PBXProject;
			attributes = {
				LastSwiftUpdateCheck = 1240;
				LastUpgradeCheck = 1240;
				TargetAttributes = {
					1152914025E02CD900A367F1 = {
						CreatedOnToolsVersion = 12.4;
					};
					1152915625E02CDF00A367F1 = {
						CreatedOnToolsVersion = 12.4;
						TestTargetID = 1152914025E02CD900A367F1;
					};
					1152916125E02CDF00A367F1 = {
						CreatedOnToolsVersion = 12.4;
						TestTargetID = 1152914025E02CD900A367F1;
					};
				};
			};
			buildConfigurationList = 1152913C25E02CD900A367F1 /* Build configuration list for PBXProject "Notebook" */;
			compatibilityVersion = "Xcode 9.3";
			developmentRegion = en;
			hasScannedForEncodings = 0;
			knownRegions = (
				en,
				Base,
			);
			mainGroup = 1152913825E02CD900A367F1;
			productRefGroup = 1152914225E02CD900A367F1 /* Products */;
			projectDirPath = "";
			projectRoot = "";
			targets = (
				1152914025E02CD900A367F1 /* Notebook */,
				1152915625E02CDF00A367F1 /* NotebookTests */,
				1152916125E02CDF00A367F1 /* NotebookUITests */,
			);
		};
/* End PBXProject section */

/* Begin PBXResourcesBuildPhase section */
		1152913F25E02CD900A367F1 /* Resources */ = {
			isa = PBXResourcesBuildPhase;
			buildActionMask = 2147483647;
			files = (
				1152915125E02CDE00A367F1 /* LaunchScreen.storyboard in Resources */,
				1152914E25E02CDE00A367F1 /* Assets.xcassets in Resources */,
				1152914C25E02CD900A367F1 /* Main.storyboard in Resources */,
			);
			runOnlyForDeploymentPostprocessing = 0;
		};
		1152915525E02CDF00A367F1 /* Resources */ = {
			isa = PBXResourcesBuildPhase;
			buildActionMask = 2147483647;
			files = (
			);
			runOnlyForDeploymentPostprocessing = 0;
		};
		1152916025E02CDF00A367F1 /* Resources */ = {
			isa = PBXResourcesBuildPhase;
			buildActionMask = 2147483647;
			files = (
			);
			runOnlyForDeploymentPostprocessing = 0;
		};
/* End PBXResourcesBuildPhase section */

/* Begin PBXSourcesBuildPhase section */
		1152913D25E02CD900A367F1 /* Sources */ = {
			isa = PBXSourcesBuildPhase;
			buildActionMask = 2147483647;
			files = (
				1152914925E02CD900A367F1 /* ViewController.swift in Sources */,
				1152914525E02CD900A367F1 /* AppDelegate.swift in Sources */,
				1152914725E02CD900A367F1 /* SceneDelegate.swift in Sources */,
			);
			runOnlyForDeploymentPostprocessing = 0;
		};
		1152915325E02CDF00A367F1 /* Sources */ = {
			isa = PBXSourcesBuildPhase;
			buildActionMask = 2147483647;
			files = (
				1152915C25E02CDF00A367F1 /* NotebookTests.swift in Sources */,
			);
			runOnlyForDeploymentPostprocessing = 0;
		};
		1152915E25E02CDF00A367F1 /* Sources */ = {
			isa = PBXSourcesBuildPhase;
			buildActionMask = 2147483647;
			files = (
				1152916725E02CDF00A367F1 /* NotebookUITests.swift in Sources */,
			);
			runOnlyForDeploymentPostprocessing = 0;
		};
/* End PBXSourcesBuildPhase section */

/* Begin PBXTargetDependency section */
		1152915925E02CDF00A367F1 /* PBXTargetDependency */ = {
			isa = PBXTargetDependency;
			target = 1152914025E02CD900A367F1 /* Notebook */;
			targetProxy = 1152915825E02CDF00A367F1 /* PBXContainerItemProxy */;
		};
		1152916425E02CDF00A367F1 /* PBXTargetDependency */ = {
			isa = PBXTargetDependency;
			target = 1152914025E02CD900A367F1 /* Notebook */;
			targetProxy = 1152916325E02CDF00A367F1 /* PBXContainerItemProxy */;
		};
/* End PBXTargetDependency section */

/* Begin PBXVariantGroup section */
		1152914A25E02CD900A367F1 /* Main.storyboard */ = {
			isa = PBXVariantGroup;
			children = (
				1152914B25E02CD900A367F1 /* Base */,
			);
			name = Main.storyboard;
			sourceTree = "<group>";
		};
		1152914F25E02CDE00A367F1 /* LaunchScreen.storyboard */ = {
			isa = PBXVariantGroup;
			children = (
				1152915025E02CDE00A367F1 /* Base */,
			);
			name = LaunchScreen.storyboard;
			sourceTree = "<group>";
		};
/* End PBXVariantGroup section */

/* Begin XCBuildConfiguration section */
		1152916925E02CDF00A367F1 /* Debug */ = {
			isa = XCBuildConfiguration;
			buildSettings = {
				ALWAYS_SEARCH_USER_PATHS = NO;
				CLANG_ANALYZER_NONNULL = YES;
				CLANG_ANALYZER_NUMBER_OBJECT_CONVERSION = YES_AGGRESSIVE;
				CLANG_CXX_LANGUAGE_STANDARD = "gnu++14";
				CLANG_CXX_LIBRARY = "libc++";
				CLANG_ENABLE_MODULES = YES;
				CLANG_ENABLE_OBJC_ARC = YES;
				CLANG_ENABLE_OBJC_WEAK = YES;
				CLANG_WARN_BLOCK_CAPTURE_AUTORELEASING = YES;
				CLANG_WARN_BOOL_CONVERSION = YES;
				CLANG_WARN_COMMA = YES;
				CLANG_WARN_CONSTANT_CONVERSION = YES;
				CLANG_WARN_DEPRECATED_OBJC_IMPLEMENTATIONS = YES;
				CLANG_WARN_DIRECT_OBJC_ISA_USAGE = YES_ERROR;
				CLANG_WARN_DOCUMENTATION_COMMENTS = YES;
				CLANG_WARN_EMPTY_BODY = YES;
				CLANG_WARN_ENUM_CONVERSION = YES;
				CLANG_WARN_INFINITE_RECURSION = YES;
				CLANG_WARN_INT_CONVERSION = YES;
				CLANG_WARN_NON_LITERAL_NULL_CONVERSION = YES;
				CLANG_WARN_OBJC_IMPLICIT_RETAIN_SELF = YES;
				CLANG_WARN_OBJC_LITERAL_CONVERSION = YES;
				CLANG_WARN_OBJC_ROOT_CLASS = YES_ERROR;
				CLANG_WARN_QUOTED_INCLUDE_IN_FRAMEWORK_HEADER = YES;
				CLANG_WARN_RANGE_LOOP_ANALYSIS = YES;
				CLANG_WARN_STRICT_PROTOTYPES = YES;
				CLANG_WARN_SUSPICIOUS_MOVE = YES;
				CLANG_WARN_UNGUARDED_AVAILABILITY = YES_AGGRESSIVE;
				CLANG_WARN_UNREACHABLE_CODE = YES;
				CLANG_WARN__DUPLICATE_METHOD_MATCH = YES;
				COPY_PHASE_STRIP = NO;
				DEBUG_INFORMATION_FORMAT = dwarf;
				ENABLE_STRICT_OBJC_MSGSEND = YES;
				ENABLE_TESTABILITY = YES;
				GCC_C_LANGUAGE_STANDARD = gnu11;
				GCC_DYNAMIC_NO_PIC = NO;
				GCC_NO_COMMON_BLOCKS = YES;
				GCC_OPTIMIZATION_LEVEL = 0;
				GCC_PREPROCESSOR_DEFINITIONS = (
					"DEBUG=1",
					"$(inherited)",
				);
				GCC_WARN_64_TO_32_BIT_CONVERSION = YES;
				GCC_WARN_ABOUT_RETURN_TYPE = YES_ERROR;
				GCC_WARN_UNDECLARED_SELECTOR = YES;
				GCC_WARN_UNINITIALIZED_AUTOS = YES_AGGRESSIVE;
				GCC_WARN_UNUSED_FUNCTION = YES;
				GCC_WARN_UNUSED_VARIABLE = YES;
				IPHONEOS_DEPLOYMENT_TARGET = 14.4;
				MTL_ENABLE_DEBUG_INFO = INCLUDE_SOURCE;
				MTL_FAST_MATH = YES;
				ONLY_ACTIVE_ARCH = YES;
				SDKROOT = iphoneos;
				SWIFT_ACTIVE_COMPILATION_CONDITIONS = DEBUG;
				SWIFT_OPTIMIZATION_LEVEL = "-Onone";
			};
			name = Debug;
		};
		1152916A25E02CDF00A367F1 /* Release */ = {
			isa = XCBuildConfiguration;
			buildSettings = {
				ALWAYS_SEARCH_USER_PATHS = NO;
				CLANG_ANALYZER_NONNULL = YES;
				CLANG_ANALYZER_NUMBER_OBJECT_CONVERSION = YES_AGGRESSIVE;
				CLANG_CXX_LANGUAGE_STANDARD = "gnu++14";
				CLANG_CXX_LIBRARY = "libc++";
				CLANG_ENABLE_MODULES = YES;
				CLANG_ENABLE_OBJC_ARC = YES;
				CLANG_ENABLE_OBJC_WEAK = YES;
				CLANG_WARN_BLOCK_CAPTURE_AUTORELEASING = YES;
				CLANG_WARN_BOOL_CONVERSION = YES;
				CLANG_WARN_COMMA = YES;
				CLANG_WARN_CONSTANT_CONVERSION = YES;
				CLANG_WARN_DEPRECATED_OBJC_IMPLEMENTATIONS = YES;
				CLANG_WARN_DIRECT_OBJC_ISA_USAGE = YES_ERROR;
				CLANG_WARN_DOCUMENTATION_COMMENTS = YES;
				CLANG_WARN_EMPTY_BODY = YES;
				CLANG_WARN_ENUM_CONVERSION = YES;
				CLANG_WARN_INFINITE_RECURSION = YES;
				CLANG_WARN_INT_CONVERSION = YES;
				CLANG_WARN_NON_LITERAL_NULL_CONVERSION = YES;
				CLANG_WARN_OBJC_IMPLICIT_RETAIN_SELF = YES;
				CLANG_WARN_OBJC_LITERAL_CONVERSION = YES;
				CLANG_WARN_OBJC_ROOT_CLASS = YES_ERROR;
				CLANG_WARN_QUOTED_INCLUDE_IN_FRAMEWORK_HEADER = YES;
				CLANG_WARN_RANGE_LOOP_ANALYSIS = YES;
				CLANG_WARN_STRICT_PROTOTYPES = YES;
				CLANG_WARN_SUSPICIOUS_MOVE = YES;
				CLANG_WARN_UNGUARDED_AVAILABILITY = YES_AGGRESSIVE;
				CLANG_WARN_UNREACHABLE_CODE = YES;
				CLANG_WARN__DUPLICATE_METHOD_MATCH = YES;
				COPY_PHASE_STRIP = NO;
				DEBUG_INFORMATION_FORMAT = "dwarf-with-dsym";
				ENABLE_NS_ASSERTIONS = NO;
				ENABLE_STRICT_OBJC_MSGSEND = YES;
				GCC_C_LANGUAGE_STANDARD = gnu11;
				GCC_NO_COMMON_BLOCKS = YES;
				GCC_WARN_64_TO_32_BIT_CONVERSION = YES;
				GCC_WARN_ABOUT_RETURN_TYPE = YES_ERROR;
				GCC_WARN_UNDECLARED_SELECTOR = YES;
				GCC_WARN_UNINITIALIZED_AUTOS = YES_AGGRESSIVE;
				GCC_WARN_UNUSED_FUNCTION = YES;
				GCC_WARN_UNUSED_VARIABLE = YES;
				IPHONEOS_DEPLOYMENT_TARGET = 14.4;
				MTL_ENABLE_DEBUG_INFO = NO;
				MTL_FAST_MATH = YES;
				SDKROOT = iphoneos;
				SWIFT_COMPILATION_MODE = wholemodule;
				SWIFT_OPTIMIZATION_LEVEL = "-O";
				VALIDATE_PRODUCT = YES;
			};
			name = Release;
		};
		1152916C25E02CDF00A367F1 /* Debug */ = {
			isa = XCBuildConfiguration;
			buildSettings = {
				ASSETCATALOG_COMPILER_APPICON_NAME = AppIcon;
				ASSETCATALOG_COMPILER_GLOBAL_ACCENT_COLOR_NAME = AccentColor;
				CODE_SIGN_STYLE = Automatic;
				DEVELOPMENT_TEAM = VTP8T4SS2M;
				INFOPLIST_FILE = Notebook/Info.plist;
				LD_RUNPATH_SEARCH_PATHS = (
					"$(inherited)",
					"@executable_path/Frameworks",
				);
				PRODUCT_BUNDLE_IDENTIFIER = com.alticator.Notebook;
				PRODUCT_NAME = "$(TARGET_NAME)";
				SWIFT_VERSION = 5.0;
				TARGETED_DEVICE_FAMILY = 2;
			};
			name = Debug;
		};
		1152916D25E02CDF00A367F1 /* Release */ = {
			isa = XCBuildConfiguration;
			buildSettings = {
				ASSETCATALOG_COMPILER_APPICON_NAME = AppIcon;
				ASSETCATALOG_COMPILER_GLOBAL_ACCENT_COLOR_NAME = AccentColor;
				CODE_SIGN_STYLE = Automatic;
				DEVELOPMENT_TEAM = VTP8T4SS2M;
				INFOPLIST_FILE = Notebook/Info.plist;
				LD_RUNPATH_SEARCH_PATHS = (
					"$(inherited)",
					"@executable_path/Frameworks",
				);
				PRODUCT_BUNDLE_IDENTIFIER = com.alticator.Notebook;
				PRODUCT_NAME = "$(TARGET_NAME)";
				SWIFT_VERSION = 5.0;
				TARGETED_DEVICE_FAMILY = 2;
			};
			name = Release;
		};
		1152916F25E02CDF00A367F1 /* Debug */ = {
			isa = XCBuildConfiguration;
			buildSettings = {
				ALWAYS_EMBED_SWIFT_STANDARD_LIBRARIES = YES;
				BUNDLE_LOADER = "$(TEST_HOST)";
				CODE_SIGN_STYLE = Automatic;
				DEVELOPMENT_TEAM = VTP8T4SS2M;
				INFOPLIST_FILE = NotebookTests/Info.plist;
				IPHONEOS_DEPLOYMENT_TARGET = 14.4;
				LD_RUNPATH_SEARCH_PATHS = (
					"$(inherited)",
					"@executable_path/Frameworks",
					"@loader_path/Frameworks",
				);
				PRODUCT_BUNDLE_IDENTIFIER = com.alticator.NotebookTests;
				PRODUCT_NAME = "$(TARGET_NAME)";
				SWIFT_VERSION = 5.0;
				TARGETED_DEVICE_FAMILY = "1,2";
				TEST_HOST = "$(BUILT_PRODUCTS_DIR)/Notebook.app/Notebook";
			};
			name = Debug;
		};
		1152917025E02CDF00A367F1 /* Release */ = {
			isa = XCBuildConfiguration;
			buildSettings = {
				ALWAYS_EMBED_SWIFT_STANDARD_LIBRARIES = YES;
				BUNDLE_LOADER = "$(TEST_HOST)";
				CODE_SIGN_STYLE = Automatic;
				DEVELOPMENT_TEAM = VTP8T4SS2M;
				INFOPLIST_FILE = NotebookTests/Info.plist;
				IPHONEOS_DEPLOYMENT_TARGET = 14.4;
				LD_RUNPATH_SEARCH_PATHS = (
					"$(inherited)",
					"@executable_path/Frameworks",
					"@loader_path/Frameworks",
				);
				PRODUCT_BUNDLE_IDENTIFIER = com.alticator.NotebookTests;
				PRODUCT_NAME = "$(TARGET_NAME)";
				SWIFT_VERSION = 5.0;
				TARGETED_DEVICE_FAMILY = "1,2";
				TEST_HOST = "$(BUILT_PRODUCTS_DIR)/Notebook.app/Notebook";
			};
			name = Release;
		};
		1152917225E02CDF00A367F1 /* Debug */ = {
			isa = XCBuildConfiguration;
			buildSettings = {
				ALWAYS_EMBED_SWIFT_STANDARD_LIBRARIES = YES;
				CODE_SIGN_STYLE = Automatic;
				DEVELOPMENT_TEAM = VTP8T4SS2M;
				INFOPLIST_FILE = NotebookUITests/Info.plist;
				LD_RUNPATH_SEARCH_PATHS = (
					"$(inherited)",
					"@executable_path/Frameworks",
					"@loader_path/Frameworks",
				);
				PRODUCT_BUNDLE_IDENTIFIER = com.alticator.NotebookUITests;
				PRODUCT_NAME = "$(TARGET_NAME)";
				SWIFT_VERSION = 5.0;
				TARGETED_DEVICE_FAMILY = "1,2";
				TEST_TARGET_NAME = Notebook;
			};
			name = Debug;
		};
		1152917325E02CDF00A367F1 /* Release */ = {
			isa = XCBuildConfiguration;
			buildSettings = {
				ALWAYS_EMBED_SWIFT_STANDARD_LIBRARIES = YES;
				CODE_SIGN_STYLE = Automatic;
				DEVELOPMENT_TEAM = VTP8T4SS2M;
				INFOPLIST_FILE = NotebookUITests/Info.plist;
				LD_RUNPATH_SEARCH_PATHS = (
					"$(inherited)",
					"@executable_path/Frameworks",
					"@loader_path/Frameworks",
				);
				PRODUCT_BUNDLE_IDENTIFIER = com.alticator.NotebookUITests;
				PRODUCT_NAME = "$(TARGET_NAME)";
				SWIFT_VERSION = 5.0;
				TARGETED_DEVICE_FAMILY = "1,2";
				TEST_TARGET_NAME = Notebook;
			};
			name = Release;
		};
/* End XCBuildConfiguration section */

/* Begin XCConfigurationList section */
		1152913C25E02CD900A367F1 /* Build configuration list for PBXProject "Notebook" */ = {
			isa = XCConfigurationList;
			buildConfigurations = (
				1152916925E02CDF00A367F1 /* Debug */,
				1152916A25E02CDF00A367F1 /* Release */,
			);
			defaultConfigurationIsVisible = 0;
			defaultConfigurationName = Release;
		};
		1152916B25E02CDF00A367F1 /* Build configuration list for PBXNativeTarget "Notebook" */ = {
			isa = XCConfigurationList;
			buildConfigurations = (
				1152916C25E02CDF00A367F1 /* Debug */,
				1152916D25E02CDF00A367F1 /* Release */,
			);
			defaultConfigurationIsVisible = 0;
			defaultConfigurationName = Release;
		};
		1152916E25E02CDF00A367F1 /* Build configuration list for PBXNativeTarget "NotebookTests" */ = {
			isa = XCConfigurationList;
			buildConfigurations = (
				1152916F25E02CDF00A367F1 /* Debug */,
				1152917025E02CDF00A367F1 /* Release */,
			);
			defaultConfigurationIsVisible = 0;
			defaultConfigurationName = Release;
		};
		1152917125E02CDF00A367F1 /* Build configuration list for PBXNativeTarget "NotebookUITests" */ = {
			isa = XCConfigurationList;
			buildConfigurations = (
				1152917225E02CDF00A367F1 /* Debug */,
				1152917325E02CDF00A367F1 /* Release */,
			);
			defaultConfigurationIsVisible = 0;
			defaultConfigurationName = Release;
		};
/* End XCConfigurationList section */
	};
	rootObject = 1152913925E02CD900A367F1 /* Project object */;
}
